// !$*UTF8*$!
{
	archiveVersion = 1;
	classes = {
	};
	objectVersion = 46;
	objects = {

/* Begin PBXBuildFile section */
		2824616B199B4F91000FE1AF /* Foundation.framework in Frameworks */ = {isa = PBXBuildFile; fileRef = 2824616A199B4F91000FE1AF /* Foundation.framework */; };
		2824616D199B4F91000FE1AF /* CoreGraphics.framework in Frameworks */ = {isa = PBXBuildFile; fileRef = 2824616C199B4F91000FE1AF /* CoreGraphics.framework */; };
		2824616F199B4F91000FE1AF /* UIKit.framework in Frameworks */ = {isa = PBXBuildFile; fileRef = 2824616E199B4F91000FE1AF /* UIKit.framework */; };
		28246175199B4F91000FE1AF /* InfoPlist.strings in Resources */ = {isa = PBXBuildFile; fileRef = 28246173199B4F91000FE1AF /* InfoPlist.strings */; };
		28246177199B4F91000FE1AF /* main.m in Sources */ = {isa = PBXBuildFile; fileRef = 28246176199B4F91000FE1AF /* main.m */; };
		2824617B199B4F91000FE1AF /* IMDBCAppDelegate.m in Sources */ = {isa = PBXBuildFile; fileRef = 2824617A199B4F91000FE1AF /* IMDBCAppDelegate.m */; };
		2824617D199B4F91000FE1AF /* Images.xcassets in Resources */ = {isa = PBXBuildFile; fileRef = 2824617C199B4F91000FE1AF /* Images.xcassets */; };
		28246184199B4F91000FE1AF /* XCTest.framework in Frameworks */ = {isa = PBXBuildFile; fileRef = 28246183199B4F91000FE1AF /* XCTest.framework */; };
		28246185199B4F91000FE1AF /* Foundation.framework in Frameworks */ = {isa = PBXBuildFile; fileRef = 2824616A199B4F91000FE1AF /* Foundation.framework */; };
		28246186199B4F91000FE1AF /* UIKit.framework in Frameworks */ = {isa = PBXBuildFile; fileRef = 2824616E199B4F91000FE1AF /* UIKit.framework */; };
		2824618E199B4F91000FE1AF /* InfoPlist.strings in Resources */ = {isa = PBXBuildFile; fileRef = 2824618C199B4F91000FE1AF /* InfoPlist.strings */; };
		28246190199B4F91000FE1AF /* IMDBComparisonTests.m in Sources */ = {isa = PBXBuildFile; fileRef = 2824618F199B4F91000FE1AF /* IMDBComparisonTests.m */; };
/* End PBXBuildFile section */

/* Begin PBXContainerItemProxy section */
		28246187199B4F91000FE1AF /* PBXContainerItemProxy */ = {
			isa = PBXContainerItemProxy;
			containerPortal = 2824615F199B4F90000FE1AF /* Project object */;
			proxyType = 1;
			remoteGlobalIDString = 28246166199B4F91000FE1AF;
			remoteInfo = IMDBComparison;
		};
/* End PBXContainerItemProxy section */

/* Begin PBXFileReference section */
		28246167199B4F91000FE1AF /* IMDBComparison.app */ = {isa = PBXFileReference; explicitFileType = wrapper.application; includeInIndex = 0; path = IMDBComparison.app; sourceTree = BUILT_PRODUCTS_DIR; };
		2824616A199B4F91000FE1AF /* Foundation.framework */ = {isa = PBXFileReference; lastKnownFileType = wrapper.framework; name = Foundation.framework; path = System/Library/Frameworks/Foundation.framework; sourceTree = SDKROOT; };
		2824616C199B4F91000FE1AF /* CoreGraphics.framework */ = {isa = PBXFileReference; lastKnownFileType = wrapper.framework; name = CoreGraphics.framework; path = System/Library/Frameworks/CoreGraphics.framework; sourceTree = SDKROOT; };
		2824616E199B4F91000FE1AF /* UIKit.framework */ = {isa = PBXFileReference; lastKnownFileType = wrapper.framework; name = UIKit.framework; path = System/Library/Frameworks/UIKit.framework; sourceTree = SDKROOT; };
		28246172199B4F91000FE1AF /* IMDBComparison-Info.plist */ = {isa = PBXFileReference; lastKnownFileType = text.plist.xml; path = "IMDBComparison-Info.plist"; sourceTree = "<group>"; };
		28246174199B4F91000FE1AF /* en */ = {isa = PBXFileReference; lastKnownFileType = text.plist.strings; name = en; path = en.lproj/InfoPlist.strings; sourceTree = "<group>"; };
		28246176199B4F91000FE1AF /* main.m */ = {isa = PBXFileReference; lastKnownFileType = sourcecode.c.objc; path = main.m; sourceTree = "<group>"; };
		28246178199B4F91000FE1AF /* IMDBComparison-Prefix.pch */ = {isa = PBXFileReference; lastKnownFileType = sourcecode.c.h; path = "IMDBComparison-Prefix.pch"; sourceTree = "<group>"; };
		28246179199B4F91000FE1AF /* IMDBCAppDelegate.h */ = {isa = PBXFileReference; lastKnownFileType = sourcecode.c.h; path = IMDBCAppDelegate.h; sourceTree = "<group>"; };
		2824617A199B4F91000FE1AF /* IMDBCAppDelegate.m */ = {isa = PBXFileReference; lastKnownFileType = sourcecode.c.objc; path = IMDBCAppDelegate.m; sourceTree = "<group>"; };
		2824617C199B4F91000FE1AF /* Images.xcassets */ = {isa = PBXFileReference; lastKnownFileType = folder.assetcatalog; path = Images.xcassets; sourceTree = "<group>"; };
		28246182199B4F91000FE1AF /* IMDBComparisonTests.xctest */ = {isa = PBXFileReference; explicitFileType = wrapper.cfbundle; includeInIndex = 0; path = IMDBComparisonTests.xctest; sourceTree = BUILT_PRODUCTS_DIR; };
		28246183199B4F91000FE1AF /* XCTest.framework */ = {isa = PBXFileReference; lastKnownFileType = wrapper.framework; name = XCTest.framework; path = Library/Frameworks/XCTest.framework; sourceTree = DEVELOPER_DIR; };
		2824618B199B4F91000FE1AF /* IMDBComparisonTests-Info.plist */ = {isa = PBXFileReference; lastKnownFileType = text.plist.xml; path = "IMDBComparisonTests-Info.plist"; sourceTree = "<group>"; };
		2824618D199B4F91000FE1AF /* en */ = {isa = PBXFileReference; lastKnownFileType = text.plist.strings; name = en; path = en.lproj/InfoPlist.strings; sourceTree = "<group>"; };
		2824618F199B4F91000FE1AF /* IMDBComparisonTests.m */ = {isa = PBXFileReference; lastKnownFileType = sourcecode.c.objc; path = IMDBComparisonTests.m; sourceTree = "<group>"; };
/* End PBXFileReference section */

/* Begin PBXFrameworksBuildPhase section */
		28246164199B4F91000FE1AF /* Frameworks */ = {
			isa = PBXFrameworksBuildPhase;
			buildActionMask = 2147483647;
			files = (
				2824616D199B4F91000FE1AF /* CoreGraphics.framework in Frameworks */,
				2824616F199B4F91000FE1AF /* UIKit.framework in Frameworks */,
				2824616B199B4F91000FE1AF /* Foundation.framework in Frameworks */,
			);
			runOnlyForDeploymentPostprocessing = 0;
		};
		2824617F199B4F91000FE1AF /* Frameworks */ = {
			isa = PBXFrameworksBuildPhase;
			buildActionMask = 2147483647;
			files = (
				28246184199B4F91000FE1AF /* XCTest.framework in Frameworks */,
				28246186199B4F91000FE1AF /* UIKit.framework in Frameworks */,
				28246185199B4F91000FE1AF /* Foundation.framework in Frameworks */,
			);
			runOnlyForDeploymentPostprocessing = 0;
		};
/* End PBXFrameworksBuildPhase section */

/* Begin PBXGroup section */
		2824615E199B4F90000FE1AF = {
			isa = PBXGroup;
			children = (
				28246170199B4F91000FE1AF /* IMDBComparison */,
				28246189199B4F91000FE1AF /* IMDBComparisonTests */,
				28246169199B4F91000FE1AF /* Frameworks */,
				28246168199B4F91000FE1AF /* Products */,
			);
			sourceTree = "<group>";
		};
		28246168199B4F91000FE1AF /* Products */ = {
			isa = PBXGroup;
			children = (
				28246167199B4F91000FE1AF /* IMDBComparison.app */,
				28246182199B4F91000FE1AF /* IMDBComparisonTests.xctest */,
			);
			name = Products;
			sourceTree = "<group>";
		};
		28246169199B4F91000FE1AF /* Frameworks */ = {
			isa = PBXGroup;
			children = (
				2824616A199B4F91000FE1AF /* Foundation.framework */,
				2824616C199B4F91000FE1AF /* CoreGraphics.framework */,
				2824616E199B4F91000FE1AF /* UIKit.framework */,
				28246183199B4F91000FE1AF /* XCTest.framework */,
			);
			name = Frameworks;
			sourceTree = "<group>";
		};
		28246170199B4F91000FE1AF /* IMDBComparison */ = {
			isa = PBXGroup;
			children = (
				28246179199B4F91000FE1AF /* IMDBCAppDelegate.h */,
				2824617A199B4F91000FE1AF /* IMDBCAppDelegate.m */,
				2824617C199B4F91000FE1AF /* Images.xcassets */,
				28246171199B4F91000FE1AF /* Supporting Files */,
			);
			path = IMDBComparison;
			sourceTree = "<group>";
		};
		28246171199B4F91000FE1AF /* Supporting Files */ = {
			isa = PBXGroup;
			children = (
				28246172199B4F91000FE1AF /* IMDBComparison-Info.plist */,
				28246173199B4F91000FE1AF /* InfoPlist.strings */,
				28246176199B4F91000FE1AF /* main.m */,
				28246178199B4F91000FE1AF /* IMDBComparison-Prefix.pch */,
			);
			name = "Supporting Files";
			sourceTree = "<group>";
		};
		28246189199B4F91000FE1AF /* IMDBComparisonTests */ = {
			isa = PBXGroup;
			children = (
				2824618F199B4F91000FE1AF /* IMDBComparisonTests.m */,
				2824618A199B4F91000FE1AF /* Supporting Files */,
			);
			path = IMDBComparisonTests;
			sourceTree = "<group>";
		};
		2824618A199B4F91000FE1AF /* Supporting Files */ = {
			isa = PBXGroup;
			children = (
				2824618B199B4F91000FE1AF /* IMDBComparisonTests-Info.plist */,
				2824618C199B4F91000FE1AF /* InfoPlist.strings */,
			);
			name = "Supporting Files";
			sourceTree = "<group>";
		};
/* End PBXGroup section */

/* Begin PBXNativeTarget section */
		28246166199B4F91000FE1AF /* IMDBComparison */ = {
			isa = PBXNativeTarget;
			buildConfigurationList = 28246193199B4F91000FE1AF /* Build configuration list for PBXNativeTarget "IMDBComparison" */;
			buildPhases = (
				28246163199B4F91000FE1AF /* Sources */,
				28246164199B4F91000FE1AF /* Frameworks */,
				28246165199B4F91000FE1AF /* Resources */,
			);
			buildRules = (
			);
			dependencies = (
			);
			name = IMDBComparison;
			productName = IMDBComparison;
			productReference = 28246167199B4F91000FE1AF /* IMDBComparison.app */;
			productType = "com.apple.product-type.application";
		};
		28246181199B4F91000FE1AF /* IMDBComparisonTests */ = {
			isa = PBXNativeTarget;
			buildConfigurationList = 28246196199B4F91000FE1AF /* Build configuration list for PBXNativeTarget "IMDBComparisonTests" */;
			buildPhases = (
				2824617E199B4F91000FE1AF /* Sources */,
				2824617F199B4F91000FE1AF /* Frameworks */,
				28246180199B4F91000FE1AF /* Resources */,
			);
			buildRules = (
			);
			dependencies = (
				28246188199B4F91000FE1AF /* PBXTargetDependency */,
			);
			name = IMDBComparisonTests;
			productName = IMDBComparisonTests;
			productReference = 28246182199B4F91000FE1AF /* IMDBComparisonTests.xctest */;
			productType = "com.apple.product-type.bundle.unit-test";
		};
/* End PBXNativeTarget section */

/* Begin PBXProject section */
		2824615F199B4F90000FE1AF /* Project object */ = {
			isa = PBXProject;
			attributes = {
				CLASSPREFIX = IMDBC;
				LastUpgradeCheck = 0510;
				ORGANIZATIONNAME = loftierthoutghts;
				TargetAttributes = {
					28246181199B4F91000FE1AF = {
						TestTargetID = 28246166199B4F91000FE1AF;
					};
				};
			};
			buildConfigurationList = 28246162199B4F90000FE1AF /* Build configuration list for PBXProject "IMDBComparison" */;
			compatibilityVersion = "Xcode 3.2";
			developmentRegion = English;
			hasScannedForEncodings = 0;
			knownRegions = (
				en,
			);
			mainGroup = 2824615E199B4F90000FE1AF;
			productRefGroup = 28246168199B4F91000FE1AF /* Products */;
			projectDirPath = "";
			projectRoot = "";
			targets = (
				28246166199B4F91000FE1AF /* IMDBComparison */,
				28246181199B4F91000FE1AF /* IMDBComparisonTests */,
			);
		};
/* End PBXProject section */

/* Begin PBXResourcesBuildPhase section */
		28246165199B4F91000FE1AF /* Resources */ = {
			isa = PBXResourcesBuildPhase;
			buildActionMask = 2147483647;
			files = (
				28246175199B4F91000FE1AF /* InfoPlist.strings in Resources */,
				2824617D199B4F91000FE1AF /* Images.xcassets in Resources */,
			);
			runOnlyForDeploymentPostprocessing = 0;
		};
		28246180199B4F91000FE1AF /* Resources */ = {
			isa = PBXResourcesBuildPhase;
			buildActionMask = 2147483647;
			files = (
				2824618E199B4F91000FE1AF /* InfoPlist.strings in Resources */,
			);
			runOnlyForDeploymentPostprocessing = 0;
		};
/* End PBXResourcesBuildPhase section */

/* Begin PBXSourcesBuildPhase section */
		28246163199B4F91000FE1AF /* Sources */ = {
			isa = PBXSourcesBuildPhase;
			buildActionMask = 2147483647;
			files = (
				2824617B199B4F91000FE1AF /* IMDBCAppDelegate.m in Sources */,
				28246177199B4F91000FE1AF /* main.m in Sources */,
			);
			runOnlyForDeploymentPostprocessing = 0;
		};
		2824617E199B4F91000FE1AF /* Sources */ = {
			isa = PBXSourcesBuildPhase;
			buildActionMask = 2147483647;
			files = (
				28246190199B4F91000FE1AF /* IMDBComparisonTests.m in Sources */,
			);
			runOnlyForDeploymentPostprocessing = 0;
		};
/* End PBXSourcesBuildPhase section */

/* Begin PBXTargetDependency section */
		28246188199B4F91000FE1AF /* PBXTargetDependency */ = {
			isa = PBXTargetDependency;
			target = 28246166199B4F91000FE1AF /* IMDBComparison */;
			targetProxy = 28246187199B4F91000FE1AF /* PBXContainerItemProxy */;
		};
/* End PBXTargetDependency section */

/* Begin PBXVariantGroup section */
		28246173199B4F91000FE1AF /* InfoPlist.strings */ = {
			isa = PBXVariantGroup;
			children = (
				28246174199B4F91000FE1AF /* en */,
			);
			name = InfoPlist.strings;
			sourceTree = "<group>";
		};
		2824618C199B4F91000FE1AF /* InfoPlist.strings */ = {
			isa = PBXVariantGroup;
			children = (
				2824618D199B4F91000FE1AF /* en */,
			);
			name = InfoPlist.strings;
			sourceTree = "<group>";
		};
/* End PBXVariantGroup section */

/* Begin XCBuildConfiguration section */
		28246191199B4F91000FE1AF /* Debug */ = {
			isa = XCBuildConfiguration;
			buildSettings = {
				ALWAYS_SEARCH_USER_PATHS = NO;
				CLANG_CXX_LANGUAGE_STANDARD = "gnu++0x";
				CLANG_CXX_LIBRARY = "libc++";
				CLANG_ENABLE_MODULES = YES;
				CLANG_ENABLE_OBJC_ARC = YES;
				CLANG_WARN_BOOL_CONVERSION = YES;
				CLANG_WARN_CONSTANT_CONVERSION = YES;
				CLANG_WARN_DIRECT_OBJC_ISA_USAGE = YES_ERROR;
				CLANG_WARN_EMPTY_BODY = YES;
				CLANG_WARN_ENUM_CONVERSION = YES;
				CLANG_WARN_INT_CONVERSION = YES;
				CLANG_WARN_OBJC_ROOT_CLASS = YES_ERROR;
				CLANG_WARN__DUPLICATE_METHOD_MATCH = YES;
				"CODE_SIGN_IDENTITY[sdk=iphoneos*]" = "iPhone Developer";
				COPY_PHASE_STRIP = NO;
				GCC_C_LANGUAGE_STANDARD = gnu99;
				GCC_DYNAMIC_NO_PIC = NO;
				GCC_OPTIMIZATION_LEVEL = 0;
				GCC_PREPROCESSOR_DEFINITIONS = (
					"DEBUG=1",
					"$(inherited)",
				);
				GCC_SYMBOLS_PRIVATE_EXTERN = NO;
				GCC_WARN_64_TO_32_BIT_CONVERSION = YES;
				GCC_WARN_ABOUT_RETURN_TYPE = YES_ERROR;
				GCC_WARN_UNDECLARED_SELECTOR = YES;
				GCC_WARN_UNINITIALIZED_AUTOS = YES_AGGRESSIVE;
				GCC_WARN_UNUSED_FUNCTION = YES;
				GCC_WARN_UNUSED_VARIABLE = YES;
				IPHONEOS_DEPLOYMENT_TARGET = 7.1;
				ONLY_ACTIVE_ARCH = YES;
				SDKROOT = iphoneos;
				TARGETED_DEVICE_FAMILY = "1,2";
			};
			name = Debug;
		};
		28246192199B4F91000FE1AF /* Release */ = {
			isa = XCBuildConfiguration;
			buildSettings = {
				ALWAYS_SEARCH_USER_PATHS = NO;
				CLANG_CXX_LANGUAGE_STANDARD = "gnu++0x";
				CLANG_CXX_LIBRARY = "libc++";
				CLANG_ENABLE_MODULES = YES;
				CLANG_ENABLE_OBJC_ARC = YES;
				CLANG_WARN_BOOL_CONVERSION = YES;
				CLANG_WARN_CONSTANT_CONVERSION = YES;
				CLANG_WARN_DIRECT_OBJC_ISA_USAGE = YES_ERROR;
				CLANG_WARN_EMPTY_BODY = YES;
				CLANG_WARN_ENUM_CONVERSION = YES;
				CLANG_WARN_INT_CONVERSION = YES;
				CLANG_WARN_OBJC_ROOT_CLASS = YES_ERROR;
				CLANG_WARN__DUPLICATE_METHOD_MATCH = YES;
				"CODE_SIGN_IDENTITY[sdk=iphoneos*]" = "iPhone Developer";
				COPY_PHASE_STRIP = YES;
				ENABLE_NS_ASSERTIONS = NO;
				GCC_C_LANGUAGE_STANDARD = gnu99;
				GCC_WARN_64_TO_32_BIT_CONVERSION = YES;
				GCC_WARN_ABOUT_RETURN_TYPE = YES_ERROR;
				GCC_WARN_UNDECLARED_SELECTOR = YES;
				GCC_WARN_UNINITIALIZED_AUTOS = YES_AGGRESSIVE;
				GCC_WARN_UNUSED_FUNCTION = YES;
				GCC_WARN_UNUSED_VARIABLE = YES;
				IPHONEOS_DEPLOYMENT_TARGET = 7.1;
				SDKROOT = iphoneos;
				TARGETED_DEVICE_FAMILY = "1,2";
				VALIDATE_PRODUCT = YES;
			};
			name = Release;
		};
		28246194199B4F91000FE1AF /* Debug */ = {
			isa = XCBuildConfiguration;
			buildSettings = {
				ASSETCATALOG_COMPILER_APPICON_NAME = AppIcon;
				ASSETCATALOG_COMPILER_LAUNCHIMAGE_NAME = LaunchImage;
				GCC_PRECOMPILE_PREFIX_HEADER = YES;
				GCC_PREFIX_HEADER = "IMDBComparison/IMDBComparison-Prefix.pch";
				INFOPLIST_FILE = "IMDBComparison/IMDBComparison-Info.plist";
				PRODUCT_NAME = "$(TARGET_NAME)";
				WRAPPER_EXTENSION = app;
			};
			name = Debug;
		};
		28246195199B4F91000FE1AF /* Release */ = {
			isa = XCBuildConfiguration;
			buildSettings = {
				ASSETCATALOG_COMPILER_APPICON_NAME = AppIcon;
				ASSETCATALOG_COMPILER_LAUNCHIMAGE_NAME = LaunchImage;
				GCC_PRECOMPILE_PREFIX_HEADER = YES;
				GCC_PREFIX_HEADER = "IMDBComparison/IMDBComparison-Prefix.pch";
				INFOPLIST_FILE = "IMDBComparison/IMDBComparison-Info.plist";
				PRODUCT_NAME = "$(TARGET_NAME)";
				WRAPPER_EXTENSION = app;
			};
			name = Release;
		};
		28246197199B4F91000FE1AF /* Debug */ = {
			isa = XCBuildConfiguration;
			buildSettings = {
				BUNDLE_LOADER = "$(BUILT_PRODUCTS_DIR)/IMDBComparison.app/IMDBComparison";
				FRAMEWORK_SEARCH_PATHS = (
					"$(SDKROOT)/Developer/Library/Frameworks",
					"$(inherited)",
					"$(DEVELOPER_FRAMEWORKS_DIR)",
				);
				GCC_PRECOMPILE_PREFIX_HEADER = YES;
				GCC_PREFIX_HEADER = "IMDBComparison/IMDBComparison-Prefix.pch";
				GCC_PREPROCESSOR_DEFINITIONS = (
					"DEBUG=1",
					"$(inherited)",
				);
				INFOPLIST_FILE = "IMDBComparisonTests/IMDBComparisonTests-Info.plist";
				PRODUCT_NAME = "$(TARGET_NAME)";
				TEST_HOST = "$(BUNDLE_LOADER)";
				WRAPPER_EXTENSION = xctest;
			};
			name = Debug;
		};
		28246198199B4F91000FE1AF /* Release */ = {
			isa = XCBuildConfiguration;
			buildSettings = {
				BUNDLE_LOADER = "$(BUILT_PRODUCTS_DIR)/IMDBComparison.app/IMDBComparison";
				FRAMEWORK_SEARCH_PATHS = (
					"$(SDKROOT)/Developer/Library/Frameworks",
					"$(inherited)",
					"$(DEVELOPER_FRAMEWORKS_DIR)",
				);
				GCC_PRECOMPILE_PREFIX_HEADER = YES;
				GCC_PREFIX_HEADER = "IMDBComparison/IMDBComparison-Prefix.pch";
				INFOPLIST_FILE = "IMDBComparisonTests/IMDBComparisonTests-Info.plist";
				PRODUCT_NAME = "$(TARGET_NAME)";
				TEST_HOST = "$(BUNDLE_LOADER)";
				WRAPPER_EXTENSION = xctest;
			};
			name = Release;
		};
/* End XCBuildConfiguration section */

/* Begin XCConfigurationList section */
		28246162199B4F90000FE1AF /* Build configuration list for PBXProject "IMDBComparison" */ = {
			isa = XCConfigurationList;
			buildConfigurations = (
				28246191199B4F91000FE1AF /* Debug */,
				28246192199B4F91000FE1AF /* Release */,
			);
			defaultConfigurationIsVisible = 0;
			defaultConfigurationName = Release;
		};
		28246193199B4F91000FE1AF /* Build configuration list for PBXNativeTarget "IMDBComparison" */ = {
			isa = XCConfigurationList;
			buildConfigurations = (
				28246194199B4F91000FE1AF /* Debug */,
				28246195199B4F91000FE1AF /* Release */,
			);
			defaultConfigurationIsVisible = 0;
		};
		28246196199B4F91000FE1AF /* Build configuration list for PBXNativeTarget "IMDBComparisonTests" */ = {
			isa = XCConfigurationList;
			buildConfigurations = (
				28246197199B4F91000FE1AF /* Debug */,
				28246198199B4F91000FE1AF /* Release */,
			);
			defaultConfigurationIsVisible = 0;
		};
/* End XCConfigurationList section */
	};
	rootObject = 2824615F199B4F90000FE1AF /* Project object */;
}
